
Microsoft Visual Studio Solution File, Format Version 12.00
Project("{FAE04EC0-301F-11D3-BF4B-00C04F79EFBC}") = "Sloti", "Sloti\Sloti.csproj", "{02459887-4569-49F1-B682-2084886D959E}"
EndProject
Project("{FAE04EC0-301F-11D3-BF4B-00C04F79EFBC}") = "UnitTests", "UnitTests\UnitTests.csproj", "{F1DEA974-000A-4509-A461-5F9CD1B628FC}"
EndProject
Global
	GlobalSection(SolutionConfigurationPlatforms) = preSolution
		Debug|Any CPU = Debug|Any CPU
		Release|Any CPU = Release|Any CPU
	EndGlobalSection
	GlobalSection(ProjectConfigurationPlatforms) = postSolution
		{02459887-4569-49F1-B682-2084886D959E}.Debug|Any CPU.ActiveCfg = Debug|Any CPU
		{02459887-4569-49F1-B682-2084886D959E}.Debug|Any CPU.Build.0 = Debug|Any CPU
		{02459887-4569-49F1-B682-2084886D959E}.Release|Any CPU.ActiveCfg = Release|Any CPU
		{02459887-4569-49F1-B682-2084886D959E}.Release|Any CPU.Build.0 = Release|Any CPU
		{F1DEA974-000A-4509-A461-5F9CD1B628FC}.Debug|Any CPU.ActiveCfg = Debug|Any CPU
		{F1DEA974-000A-4509-A461-5F9CD1B628FC}.Debug|Any CPU.Build.0 = Debug|Any CPU
		{F1DEA974-000A-4509-A461-5F9CD1B628FC}.Release|Any CPU.ActiveCfg = Release|Any CPU
		{F1DEA974-000A-4509-A461-5F9CD1B628FC}.Release|Any CPU.Build.0 = Release|Any CPU
	EndGlobalSection
EndGlobal
